
Microsoft Visual Studio Solution File, Format Version 12.00
# Visual Studio 15
VisualStudioVersion = 15.0.28010.2016
MinimumVisualStudioVersion = 10.0.40219.1
Project("{FAE04EC0-301F-11D3-BF4B-00C04F79EFBC}") = "ST Editor", "ST Editor\ST Editor.csproj", "{AF446F5B-33C8-434C-9215-B90BB4164546}"
EndProject
Global
	GlobalSection(SolutionConfigurationPlatforms) = preSolution
		Debug|Any CPU = Debug|Any CPU
		Release|Any CPU = Release|Any CPU
	EndGlobalSection
	GlobalSection(ProjectConfigurationPlatforms) = postSolution
		{AF446F5B-33C8-434C-9215-B90BB4164546}.Debug|Any CPU.ActiveCfg = Debug|Any CPU
		{AF446F5B-33C8-434C-9215-B90BB4164546}.Debug|Any CPU.Build.0 = Debug|Any CPU
		{AF446F5B-33C8-434C-9215-B90BB4164546}.Release|Any CPU.ActiveCfg = Release|Any CPU
		{AF446F5B-33C8-434C-9215-B90BB4164546}.Release|Any CPU.Build.0 = Release|Any CPU
	EndGlobalSection
	GlobalSection(SolutionProperties) = preSolution
		HideSolutionNode = FALSE
	EndGlobalSection
	GlobalSection(ExtensibilityGlobals) = postSolution
		SolutionGuid = {541B82C3-A2D1-49F0-9FBB-41A77F92FE19}
	EndGlobalSection
EndGlobal
